lockfile_version: '1'
generated_at: '2026-07-14T11:15:50.250206+00:00'
apm_version: 0.25.0
dependencies: []
deployments:
- kind: project-relative
  target: agents
  value: .agents/skills/meta-update-models
  runtime: null
  scope: project
  owners:
  - .
  active_owner: .
  content_hash: null
- kind: project-relative
  target: agents
  value: .agents/skills/meta-update-models/SKILL.md
  runtime: null
  scope: project
  owners:
  - .
  active_owner: .
  content_hash: sha256:6ee49634b3df6332eb7e3d8e2f5a3464218e8d114dff488fc87382b8de6b6bbc
- kind: project-relative
  target: agents
  value: .agents/skills/meta-upstream-sync
  runtime: null
  scope: project
  owners:
  - .
  active_owner: .
  content_hash: null
- kind: project-relative
  target: agents
  value: .agents/skills/meta-upstream-sync/SKILL.md
  runtime: null
  scope: project
  owners:
  - .
  active_owner: .
  content_hash: sha256:29cce38d1d7f2ca42204005398cb790d7443818d057a9f4145132773df5e4692
- kind: project-relative
  target: agents
  value: .agents/skills/meta-upstream-sync/references/source-url-reference.md
  runtime: null
  scope: project
  owners:
  - .
  active_owner: .
  content_hash: sha256:40a2805fb6adf50560655dc665c8702ddf50a4dd6367e2d6d97d5489ea6e5112
- kind: project-relative
  target: agents
  value: .agents/skills/meta-upstream-sync/scripts/check-updates.ps1
  runtime: null
  scope: project
  owners:
  - .
  active_owner: .
  content_hash: sha256:e9e67122eeb43fe8e2fbc03eaa65741ede416e7974c612db725e518392dc6651
- kind: project-relative
  target: agents
  value: .agents/skills/meta-upstream-sync/scripts/check-updates.py
  runtime: null
  scope: project
  owners:
  - .
  active_owner: .
  content_hash: sha256:15370cba85936476f29bbe341ff6dffb69d9e83058813ecff949e8f0d0231f18
- kind: project-relative
  target: claude
  value: .claude/agents/meta-updater.md
  runtime: null
  scope: project
  owners:
  - .
  active_owner: .
  content_hash: sha256:8283490f931f4a60f7a71478f345224d560bb83ad916b6b3edc89a523dc89e91
- kind: project-relative
  target: claude
  value: .claude/hooks/llmctl/.apm/hooks/validate-customization-frontmatter.py
  runtime: null
  scope: project
  owners:
  - .
  active_owner: .
  content_hash: sha256:feaef83e1e5bf13c7f314728495ba65810dada07c22631af19c57be3d38402c9
- kind: project-relative
  target: claude
  value: .claude/skills/meta-update-models
  runtime: null
  scope: project
  owners:
  - .
  active_owner: .
  content_hash: null
- kind: project-relative
  target: claude
  value: .claude/skills/meta-update-models/SKILL.md
  runtime: null
  scope: project
  owners:
  - .
  active_owner: .
  content_hash: sha256:6ee49634b3df6332eb7e3d8e2f5a3464218e8d114dff488fc87382b8de6b6bbc
- kind: project-relative
  target: claude
  value: .claude/skills/meta-upstream-sync
  runtime: null
  scope: project
  owners:
  - .
  active_owner: .
  content_hash: null
- kind: project-relative
  target: claude
  value: .claude/skills/meta-upstream-sync/SKILL.md
  runtime: null
  scope: project
  owners:
  - .
  active_owner: .
  content_hash: sha256:29cce38d1d7f2ca42204005398cb790d7443818d057a9f4145132773df5e4692
- kind: project-relative
  target: claude
  value: .claude/skills/meta-upstream-sync/references/source-url-reference.md
  runtime: null
  scope: project
  owners:
  - .
  active_owner: .
  content_hash: sha256:40a2805fb6adf50560655dc665c8702ddf50a4dd6367e2d6d97d5489ea6e5112
- kind: project-relative
  target: codex
  value: .codex/agents/meta-updater.toml
  runtime: null
  scope: project
  owners:
  - .
  active_owner: .
  content_hash: sha256:f5c0a98a5ef028a62e662d90130dfe117660f2fcd4a56d81ca70b1fab5764149
- kind: project-relative
  target: codex
  value: .codex/hooks/llmctl/.apm/hooks/validate-customization-frontmatter.py
  runtime: null
  scope: project
  owners:
  - .
  active_owner: .
  content_hash: sha256:feaef83e1e5bf13c7f314728495ba65810dada07c22631af19c57be3d38402c9
local_deployed_files:
- .agents/skills/meta-update-models
- .agents/skills/meta-update-models/SKILL.md
- .agents/skills/meta-upstream-sync
- .agents/skills/meta-upstream-sync/SKILL.md
- .agents/skills/meta-upstream-sync/references/source-url-reference.md
- .agents/skills/meta-upstream-sync/scripts/check-updates.ps1
- .agents/skills/meta-upstream-sync/scripts/check-updates.py
- .claude/agents/meta-updater.md
- .claude/hooks/llmctl/.apm/hooks/validate-customization-frontmatter.py
- .claude/skills/meta-update-models
- .claude/skills/meta-update-models/SKILL.md
- .claude/skills/meta-upstream-sync
- .claude/skills/meta-upstream-sync/SKILL.md
- .claude/skills/meta-upstream-sync/references/source-url-reference.md
- .codex/agents/meta-updater.toml
- .codex/hooks/llmctl/.apm/hooks/validate-customization-frontmatter.py
local_deployed_file_hashes:
  .agents/skills/meta-update-models/SKILL.md: sha256:6ee49634b3df6332eb7e3d8e2f5a3464218e8d114dff488fc87382b8de6b6bbc
  .agents/skills/meta-upstream-sync/SKILL.md: sha256:29cce38d1d7f2ca42204005398cb790d7443818d057a9f4145132773df5e4692
  .agents/skills/meta-upstream-sync/references/source-url-reference.md: sha256:40a2805fb6adf50560655dc665c8702ddf50a4dd6367e2d6d97d5489ea6e5112
  .agents/skills/meta-upstream-sync/scripts/check-updates.ps1: sha256:e9e67122eeb43fe8e2fbc03eaa65741ede416e7974c612db725e518392dc6651
  .agents/skills/meta-upstream-sync/scripts/check-updates.py: sha256:15370cba85936476f29bbe341ff6dffb69d9e83058813ecff949e8f0d0231f18
  .claude/agents/meta-updater.md: sha256:8283490f931f4a60f7a71478f345224d560bb83ad916b6b3edc89a523dc89e91
  .claude/hooks/llmctl/.apm/hooks/validate-customization-frontmatter.py: sha256:feaef83e1e5bf13c7f314728495ba65810dada07c22631af19c57be3d38402c9
  .claude/skills/meta-update-models/SKILL.md: sha256:6ee49634b3df6332eb7e3d8e2f5a3464218e8d114dff488fc87382b8de6b6bbc
  .claude/skills/meta-upstream-sync/SKILL.md: sha256:29cce38d1d7f2ca42204005398cb790d7443818d057a9f4145132773df5e4692
  .claude/skills/meta-upstream-sync/references/source-url-reference.md: sha256:40a2805fb6adf50560655dc665c8702ddf50a4dd6367e2d6d97d5489ea6e5112
  .codex/agents/meta-updater.toml: sha256:f5c0a98a5ef028a62e662d90130dfe117660f2fcd4a56d81ca70b1fab5764149
  .codex/hooks/llmctl/.apm/hooks/validate-customization-frontmatter.py: sha256:feaef83e1e5bf13c7f314728495ba65810dada07c22631af19c57be3d38402c9
