lockfile_version: '1'
generated_at: '2026-07-14T11:15:50.250206+00:00'
apm_version: 0.25.0
dependencies: []
deployments:
- kind: project-relative
  target: claude
  value: .claude/agents/meta-updater.md
  runtime: null
  scope: project
  owners:
  - .
  active_owner: .
  content_hash: sha256:5b34d9e5a655956eed04b5dab4188aaebfef1a4722e5829518a02aba5ac2e167
- kind: project-relative
  target: claude
  value: .claude/hooks/llmctl/.apm/hooks/validate-customization-frontmatter.py
  runtime: null
  scope: project
  owners:
  - .
  active_owner: .
  content_hash: sha256:b1524e341e9ff440753b14941d21a0a57852fff8575b2cba5cd7120425948cdd
- kind: project-relative
  target: claude
  value: .claude/skills/meta-update-models
  runtime: null
  scope: project
  owners:
  - .
  active_owner: .
  content_hash: null
- kind: project-relative
  target: claude
  value: .claude/skills/meta-update-models/SKILL.md
  runtime: null
  scope: project
  owners:
  - .
  active_owner: .
  content_hash: sha256:4ffdfd2cfa5ca6d3e20895546539ae9aaadb00fe3109deb5cfc3521425a502db
- kind: project-relative
  target: claude
  value: .claude/skills/meta-upstream-sync
  runtime: null
  scope: project
  owners:
  - .
  active_owner: .
  content_hash: null
- kind: project-relative
  target: claude
  value: .claude/skills/meta-upstream-sync/SKILL.md
  runtime: null
  scope: project
  owners:
  - .
  active_owner: .
  content_hash: sha256:4f47975b4b71aacf7ddfe0272d14e8eecec86d57c436b84877026cf42d3d97c2
- kind: project-relative
  target: claude
  value: .claude/skills/meta-upstream-sync/references/source-url-reference.md
  runtime: null
  scope: project
  owners:
  - .
  active_owner: .
  content_hash: sha256:50aaa33e5ab53a3f91abd2514388b9126ef79de167121e3ed8189a64ff065ec7
- kind: project-relative
  target: claude
  value: .claude/skills/meta-upstream-sync/scripts/check-updates.ps1
  runtime: null
  scope: project
  owners:
  - .
  active_owner: .
  content_hash: sha256:f40a221058bc32316471fb88324c1ac26299441bfa8abe353f74558a510261d9
local_deployed_files:
- .claude/agents/meta-updater.md
- .claude/hooks/llmctl/.apm/hooks/validate-customization-frontmatter.py
- .claude/skills/meta-update-models
- .claude/skills/meta-update-models/SKILL.md
- .claude/skills/meta-upstream-sync
- .claude/skills/meta-upstream-sync/SKILL.md
- .claude/skills/meta-upstream-sync/references/source-url-reference.md
- .claude/skills/meta-upstream-sync/scripts/check-updates.ps1
local_deployed_file_hashes:
  .claude/agents/meta-updater.md: sha256:5b34d9e5a655956eed04b5dab4188aaebfef1a4722e5829518a02aba5ac2e167
  .claude/hooks/llmctl/.apm/hooks/validate-customization-frontmatter.py: sha256:b1524e341e9ff440753b14941d21a0a57852fff8575b2cba5cd7120425948cdd
  .claude/skills/meta-update-models/SKILL.md: sha256:4ffdfd2cfa5ca6d3e20895546539ae9aaadb00fe3109deb5cfc3521425a502db
  .claude/skills/meta-upstream-sync/SKILL.md: sha256:4f47975b4b71aacf7ddfe0272d14e8eecec86d57c436b84877026cf42d3d97c2
  .claude/skills/meta-upstream-sync/references/source-url-reference.md: sha256:50aaa33e5ab53a3f91abd2514388b9126ef79de167121e3ed8189a64ff065ec7
  .claude/skills/meta-upstream-sync/scripts/check-updates.ps1: sha256:f40a221058bc32316471fb88324c1ac26299441bfa8abe353f74558a510261d9
