lockfile_version: '1'
generated_at: '2026-07-14T11:15:50.250206+00:00'
apm_version: 0.25.0
dependencies: []
deployments:
- kind: project-relative
  target: claude
  value: .claude/agents/meta-updater.md
  runtime: null
  scope: project
  owners:
  - .
  active_owner: .
  content_hash: sha256:bbd033a6ce1ca6ea17a796e532640cc7651a0d40de52ac43604c60ad8577f483
- kind: project-relative
  target: claude
  value: .claude/hooks/llmctl/.apm/hooks/validate-customization-frontmatter.py
  runtime: null
  scope: project
  owners:
  - .
  active_owner: .
  content_hash: sha256:b1524e341e9ff440753b14941d21a0a57852fff8575b2cba5cd7120425948cdd
- kind: project-relative
  target: claude
  value: .claude/skills/meta-update-models
  runtime: null
  scope: project
  owners:
  - .
  active_owner: .
  content_hash: null
- kind: project-relative
  target: claude
  value: .claude/skills/meta-update-models/SKILL.md
  runtime: null
  scope: project
  owners:
  - .
  active_owner: .
  content_hash: sha256:6ee49634b3df6332eb7e3d8e2f5a3464218e8d114dff488fc87382b8de6b6bbc
- kind: project-relative
  target: claude
  value: .claude/skills/meta-upstream-sync
  runtime: null
  scope: project
  owners:
  - .
  active_owner: .
  content_hash: null
- kind: project-relative
  target: claude
  value: .claude/skills/meta-upstream-sync/SKILL.md
  runtime: null
  scope: project
  owners:
  - .
  active_owner: .
  content_hash: sha256:24e9bd50a5195d781e5c2dc0171a52aec5b30f8cb3032e0c1d310986ce0e3f4d
- kind: project-relative
  target: claude
  value: .claude/skills/meta-upstream-sync/references/source-url-reference.md
  runtime: null
  scope: project
  owners:
  - .
  active_owner: .
  content_hash: sha256:0e26319c6cff919c75150218eab301ad42323b15233f1bb07298b57cce00955e
- kind: project-relative
  target: claude
  value: .claude/skills/meta-upstream-sync/scripts/check-updates.ps1
  runtime: null
  scope: project
  owners:
  - .
  active_owner: .
  content_hash: sha256:db955c3a4ce595ea9c9c883069516fb8e5f28c8e3b1975c08da6ff64a907b06a
local_deployed_files:
- .claude/agents/meta-updater.md
- .claude/hooks/llmctl/.apm/hooks/validate-customization-frontmatter.py
- .claude/skills/meta-update-models
- .claude/skills/meta-update-models/SKILL.md
- .claude/skills/meta-upstream-sync
- .claude/skills/meta-upstream-sync/SKILL.md
- .claude/skills/meta-upstream-sync/references/source-url-reference.md
- .claude/skills/meta-upstream-sync/scripts/check-updates.ps1
local_deployed_file_hashes:
  .claude/agents/meta-updater.md: sha256:bbd033a6ce1ca6ea17a796e532640cc7651a0d40de52ac43604c60ad8577f483
  .claude/hooks/llmctl/.apm/hooks/validate-customization-frontmatter.py: sha256:b1524e341e9ff440753b14941d21a0a57852fff8575b2cba5cd7120425948cdd
  .claude/skills/meta-update-models/SKILL.md: sha256:6ee49634b3df6332eb7e3d8e2f5a3464218e8d114dff488fc87382b8de6b6bbc
  .claude/skills/meta-upstream-sync/SKILL.md: sha256:24e9bd50a5195d781e5c2dc0171a52aec5b30f8cb3032e0c1d310986ce0e3f4d
  .claude/skills/meta-upstream-sync/references/source-url-reference.md: sha256:0e26319c6cff919c75150218eab301ad42323b15233f1bb07298b57cce00955e
  .claude/skills/meta-upstream-sync/scripts/check-updates.ps1: sha256:db955c3a4ce595ea9c9c883069516fb8e5f28c8e3b1975c08da6ff64a907b06a
